lockfileVersion: '9.0'

settings:
  autoInstallPeers: true
  excludeLinksFromLockfile: false

importers:

  .:
    dependencies:
      '@tanstack/query-sync-storage-persister':
        specifier: ^5.102.8
        version: 5.102.8

packages:

  '@tanstack/query-core@5.102.8':
    resolution: {integrity: sha512-ZNjkJ33CqvPNec/6lZBnHqLc3EVGPZ9ySLhYahU9TcuRFdmwXewuj0c4hwSWcGHqEUwcSrKeZ+oGcvPBqXcQcg==}

  '@tanstack/query-persist-client-core@5.102.8':
    resolution: {integrity: sha512-t3v4/D6ejo/BrPzM5gm/AT3c4CWPCxFa+0cIjAeHAeanGPG6rCjFS1hZnPZH/rf55qe3qYYgx5U6iBZMY1PQjA==}

  '@tanstack/query-sync-storage-persister@5.102.8':
    resolution: {integrity: sha512-UvIpYl6jipKJHfITAieQaXMvVPoJh2IkQkWDYZNRPycoGbNYdqB+UdRVoXkZagB3EdeKnlC7sA61grsEC87Wfw==}

snapshots:

  '@tanstack/query-core@5.102.8': {}

  '@tanstack/query-persist-client-core@5.102.8':
    dependencies:
      '@tanstack/query-core': 5.102.8

  '@tanstack/query-sync-storage-persister@5.102.8':
    dependencies:
      '@tanstack/query-core': 5.102.8
      '@tanstack/query-persist-client-core': 5.102.8
